
Microsoft Visual Studio Solution File, Format Version 12.00
# Visual Studio 15
VisualStudioVersion = 15.0.28307.757
MinimumVisualStudioVersion = 10.0.40219.1
Project("{FAE04EC0-301F-11D3-BF4B-00C04F79EFBC}") = "RoleForCore", "RoleForCore\RoleForCore.csproj", "{D65BDFDD-EC6C-4CDC-87EB-0D2754C45F2B}"
EndProject
Global
	GlobalSection(SolutionConfigurationPlatforms) = preSolution
		Debug|Any CPU = Debug|Any CPU
		Release|Any CPU = Release|Any CPU
	EndGlobalSection
	GlobalSection(ProjectConfigurationPlatforms) = postSolution
		{D65BDFDD-EC6C-4CDC-87EB-0D2754C45F2B}.Debug|Any CPU.ActiveCfg = Debug|Any CPU
		{D65BDFDD-EC6C-4CDC-87EB-0D2754C45F2B}.Debug|Any CPU.Build.0 = Debug|Any CPU
		{D65BDFDD-EC6C-4CDC-87EB-0D2754C45F2B}.Release|Any CPU.ActiveCfg = Release|Any CPU
		{D65BDFDD-EC6C-4CDC-87EB-0D2754C45F2B}.Release|Any CPU.Build.0 = Release|Any CPU
	EndGlobalSection
	GlobalSection(SolutionProperties) = preSolution
		HideSolutionNode = FALSE
	EndGlobalSection
	GlobalSection(ExtensibilityGlobals) = postSolution
		SolutionGuid = {6F3BCFDD-D150-47F8-8A8E-1315E0BDD0F9}
	EndGlobalSection
EndGlobal
